// !$*UTF8*$!
{
	archiveVersion = 1;
	classes = {
	};
	objectVersion = 50;
	objects = {

/* Begin PBXBuildFile section */
		244A80D124F05DF1002DF245 /* ChallengeCard.swift in Sources */ = {isa = PBXBuildFile; fileRef = 244A80D024F05DF1002DF245 /* ChallengeCard.swift */; };
		244E04AE24DE41CB00BEFF93 /* ChallengeInstructions.swift in Sources */ = {isa = PBXBuildFile; fileRef = 244E04AD24DE41CB00BEFF93 /* ChallengeInstructions.swift */; };
		244E04B024DE46BA00BEFF93 /* ChallengeInstructionsData.swift in Sources */ = {isa = PBXBuildFile; fileRef = 244E04AF24DE46BA00BEFF93 /* ChallengeInstructionsData.swift */; };
		244E04B424DED0C700BEFF93 /* FlagChallenge.swift in Sources */ = {isa = PBXBuildFile; fileRef = 244E04B324DED0C700BEFF93 /* FlagChallenge.swift */; };
		24A928DB24CB03B90087D944 /* Challenges.swift in Sources */ = {isa = PBXBuildFile; fileRef = 24A928DA24CB03B90087D944 /* Challenges.swift */; };
		24A928DD24CB03D80087D944 /* ChallengeData.swift in Sources */ = {isa = PBXBuildFile; fileRef = 24A928DC24CB03D80087D944 /* ChallengeData.swift */; };
		24CE34CD24C768B6007C648C /* AppDelegate.swift in Sources */ = {isa = PBXBuildFile; fileRef = 24CE34CC24C768B6007C648C /* AppDelegate.swift */; };
		24CE34CF24C768B6007C648C /* SceneDelegate.swift in Sources */ = {isa = PBXBuildFile; fileRef = 24CE34CE24C768B6007C648C /* SceneDelegate.swift */; };
		24CE34D124C768B6007C648C /* ContentView.swift in Sources */ = {isa = PBXBuildFile; fileRef = 24CE34D024C768B6007C648C /* ContentView.swift */; };
		24CE34D324C768B7007C648C /* Assets.xcassets in Resources */ = {isa = PBXBuildFile; fileRef = 24CE34D224C768B7007C648C /* Assets.xcassets */; };
		24CE34D624C768B7007C648C /* Preview Assets.xcassets in Resources */ = {isa = PBXBuildFile; fileRef = 24CE34D524C768B7007C648C /* Preview Assets.xcassets */; };
		24CE34D924C768B7007C648C /* LaunchScreen.storyboard in Resources */ = {isa = PBXBuildFile; fileRef = 24CE34D724C768B7007C648C /* LaunchScreen.storyboard */; };
		24DA2CF224D1C28800C703F3 /* breusonTips.swift in Sources */ = {isa = PBXBuildFile; fileRef = 24DA2CF124D1C28800C703F3 /* breusonTips.swift */; };
		24E1996724D49E5600E843ED /* BlocoCommand.swift in Sources */ = {isa = PBXBuildFile; fileRef = 24E1996624D49E5600E843ED /* BlocoCommand.swift */; };
		F12CE50924C8AEA600EBF4A6 /* TelaContentViewNova.swift in Sources */ = {isa = PBXBuildFile; fileRef = F12CE50824C8AEA600EBF4A6 /* TelaContentViewNova.swift */; };
		F1B70F3024C76EB400187CBE /* MissoesScreen.swift in Sources */ = {isa = PBXBuildFile; fileRef = F1B70F2F24C76EB400187CBE /* MissoesScreen.swift */; };
		F1B70F3624C7752800187CBE /* SafariView.swift in Sources */ = {isa = PBXBuildFile; fileRef = F1B70F3524C7752800187CBE /* SafariView.swift */; };
		F1C56BDA24EED04E00BA52FA /* BlocosTestFlight.swift in Sources */ = {isa = PBXBuildFile; fileRef = F1C56BD924EED04E00BA52FA /* BlocosTestFlight.swift */; };
		F1C56BDE24EEEECA00BA52FA /* MissaoVAI.swift in Sources */ = {isa = PBXBuildFile; fileRef = F1C56BDD24EEEECA00BA52FA /* MissaoVAI.swift */; };
		F1C56BE024EF0A8E00BA52FA /* InfoModal2.swift in Sources */ = {isa = PBXBuildFile; fileRef = F1C56BDF24EF0A8E00BA52FA /* InfoModal2.swift */; };
		F1EF0A8024CB4AA000055CE7 /* CollectionViewCell.swift in Sources */ = {isa = PBXBuildFile; fileRef = F1EF0A7F24CB4AA000055CE7 /* CollectionViewCell.swift */; };
		F1EF0A8C24CB740D00055CE7 /* Blocos.swift in Sources */ = {isa = PBXBuildFile; fileRef = F1EF0A8B24CB740D00055CE7 /* Blocos.swift */; };
		F1EF0A8E24CB749000055CE7 /* PlayModal.swift in Sources */ = {isa = PBXBuildFile; fileRef = F1EF0A8D24CB749000055CE7 /* PlayModal.swift */; };
		F1EF0A9224CB74B500055CE7 /* InfoModal.swift in Sources */ = {isa = PBXBuildFile; fileRef = F1EF0A9124CB74B500055CE7 /* InfoModal.swift */; };
/* End PBXBuildFile section */

/* Begin PBXFileReference section */
		244A80D024F05DF1002DF245 /* ChallengeCard.swift */ = {isa = PBXFileReference; lastKnownFileType = sourcecode.swift; path = ChallengeCard.swift; sourceTree = "<group>"; };
		244E04AD24DE41CB00BEFF93 /* ChallengeInstructions.swift */ = {isa = PBXFileReference; lastKnownFileType = sourcecode.swift; path = ChallengeInstructions.swift; sourceTree = "<group>"; };
		244E04AF24DE46BA00BEFF93 /* ChallengeInstructionsData.swift */ = {isa = PBXFileReference; lastKnownFileType = sourcecode.swift; path = ChallengeInstructionsData.swift; sourceTree = "<group>"; };
		244E04B324DED0C700BEFF93 /* FlagChallenge.swift */ = {isa = PBXFileReference; lastKnownFileType = sourcecode.swift; path = FlagChallenge.swift; sourceTree = "<group>"; };
		24A928DA24CB03B90087D944 /* Challenges.swift */ = {isa = PBXFileReference; lastKnownFileType = sourcecode.swift; path = Challenges.swift; sourceTree = "<group>"; };
		24A928DC24CB03D80087D944 /* ChallengeData.swift */ = {isa = PBXFileReference; lastKnownFileType = sourcecode.swift; path = ChallengeData.swift; sourceTree = "<group>"; };
		24CE34C924C768B6007C648C /* PenguinBrad.app */ = {isa = PBXFileReference; explicitFileType = wrapper.application; includeInIndex = 0; path = PenguinBrad.app; sourceTree = BUILT_PRODUCTS_DIR; };
		24CE34CC24C768B6007C648C /* AppDelegate.swift */ = {isa = PBXFileReference; lastKnownFileType = sourcecode.swift; path = AppDelegate.swift; sourceTree = "<group>"; };
		24CE34CE24C768B6007C648C /* SceneDelegate.swift */ = {isa = PBXFileReference; lastKnownFileType = sourcecode.swift; path = SceneDelegate.swift; sourceTree = "<group>"; };
		24CE34D024C768B6007C648C /* ContentView.swift */ = {isa = PBXFileReference; lastKnownFileType = sourcecode.swift; path = ContentView.swift; sourceTree = "<group>"; };
		24CE34D224C768B7007C648C /* Assets.xcassets */ = {isa = PBXFileReference; lastKnownFileType = folder.assetcatalog; path = Assets.xcassets; sourceTree = "<group>"; };
		24CE34D524C768B7007C648C /* Preview Assets.xcassets */ = {isa = PBXFileReference; lastKnownFileType = folder.assetcatalog; path = "Preview Assets.xcassets"; sourceTree = "<group>"; };
		24CE34D824C768B7007C648C /* Base */ = {isa = PBXFileReference; lastKnownFileType = file.storyboard; name = Base; path = Base.lproj/LaunchScreen.storyboard; sourceTree = "<group>"; };
		24CE34DA24C768B7007C648C /* Info.plist */ = {isa = PBXFileReference; lastKnownFileType = text.plist.xml; path = Info.plist; sourceTree = "<group>"; };
		24DA2CF124D1C28800C703F3 /* breusonTips.swift */ = {isa = PBXFileReference; lastKnownFileType = sourcecode.swift; path = breusonTips.swift; sourceTree = "<group>"; };
		24E1996624D49E5600E843ED /* BlocoCommand.swift */ = {isa = PBXFileReference; lastKnownFileType = sourcecode.swift; path = BlocoCommand.swift; sourceTree = "<group>"; };
		F12CE50824C8AEA600EBF4A6 /* TelaContentViewNova.swift */ = {isa = PBXFileReference; lastKnownFileType = sourcecode.swift; path = TelaContentViewNova.swift; sourceTree = "<group>"; };
		F1B70F2F24C76EB400187CBE /* MissoesScreen.swift */ = {isa = PBXFileReference; lastKnownFileType = sourcecode.swift; path = MissoesScreen.swift; sourceTree = "<group>"; };
		F1B70F3524C7752800187CBE /* SafariView.swift */ = {isa = PBXFileReference; lastKnownFileType = sourcecode.swift; path = SafariView.swift; sourceTree = "<group>"; };
		F1C56BD924EED04E00BA52FA /* BlocosTestFlight.swift */ = {isa = PBXFileReference; lastKnownFileType = sourcecode.swift; path = BlocosTestFlight.swift; sourceTree = "<group>"; };
		F1C56BDD24EEEECA00BA52FA /* MissaoVAI.swift */ = {isa = PBXFileReference; lastKnownFileType = sourcecode.swift; path = MissaoVAI.swift; sourceTree = "<group>"; };
		F1C56BDF24EF0A8E00BA52FA /* InfoModal2.swift */ = {isa = PBXFileReference; lastKnownFileType = sourcecode.swift; path = InfoModal2.swift; sourceTree = "<group>"; };
		F1EF0A7F24CB4AA000055CE7 /* CollectionViewCell.swift */ = {isa = PBXFileReference; lastKnownFileType = sourcecode.swift; path = CollectionViewCell.swift; sourceTree = "<group>"; };
		F1EF0A8B24CB740D00055CE7 /* Blocos.swift */ = {isa = PBXFileReference; lastKnownFileType = sourcecode.swift; path = Blocos.swift; sourceTree = "<group>"; };
		F1EF0A8D24CB749000055CE7 /* PlayModal.swift */ = {isa = PBXFileReference; lastKnownFileType = sourcecode.swift; path = PlayModal.swift; sourceTree = "<group>"; };
		F1EF0A9124CB74B500055CE7 /* InfoModal.swift */ = {isa = PBXFileReference; lastKnownFileType = sourcecode.swift; path = InfoModal.swift; sourceTree = "<group>"; };
/* End PBXFileReference section */

/* Begin PBXFrameworksBuildPhase section */
		24CE34C624C768B6007C648C /* Frameworks */ = {
			isa = PBXFrameworksBuildPhase;
			buildActionMask = 2147483647;
			files = (
			);
			runOnlyForDeploymentPostprocessing = 0;
		};
/* End PBXFrameworksBuildPhase section */

/* Begin PBXGroup section */
		24A928D124CAFFF80087D944 /* Model */ = {
			isa = PBXGroup;
			children = (
				24A928DC24CB03D80087D944 /* ChallengeData.swift */,
				24A928DA24CB03B90087D944 /* Challenges.swift */,
				244A80D024F05DF1002DF245 /* ChallengeCard.swift */,
				244E04AD24DE41CB00BEFF93 /* ChallengeInstructions.swift */,
				244E04AF24DE46BA00BEFF93 /* ChallengeInstructionsData.swift */,
				F1EF0A7F24CB4AA000055CE7 /* CollectionViewCell.swift */,
				244E04B324DED0C700BEFF93 /* FlagChallenge.swift */,
				F1B70F2F24C76EB400187CBE /* MissoesScreen.swift */,
				F1B70F3524C7752800187CBE /* SafariView.swift */,
				F1EF0A8B24CB740D00055CE7 /* Blocos.swift */,
				F1C56BD924EED04E00BA52FA /* BlocosTestFlight.swift */,
				F1C56BDD24EEEECA00BA52FA /* MissaoVAI.swift */,
				F1EF0A8D24CB749000055CE7 /* PlayModal.swift */,
				F1EF0A9124CB74B500055CE7 /* InfoModal.swift */,
				F1C56BDF24EF0A8E00BA52FA /* InfoModal2.swift */,
				24DA2CF124D1C28800C703F3 /* breusonTips.swift */,
				24E1996624D49E5600E843ED /* BlocoCommand.swift */,
			);
			path = Model;
			sourceTree = "<group>";
		};
		24A928D224CB00360087D944 /* View */ = {
			isa = PBXGroup;
			children = (
				24CE34D024C768B6007C648C /* ContentView.swift */,
				F12CE50824C8AEA600EBF4A6 /* TelaContentViewNova.swift */,
			);
			path = View;
			sourceTree = "<group>";
		};
		24A928D324CB00410087D944 /* Controller */ = {
			isa = PBXGroup;
			children = (
				24CE34CC24C768B6007C648C /* AppDelegate.swift */,
				24CE34CE24C768B6007C648C /* SceneDelegate.swift */,
			);
			path = Controller;
			sourceTree = "<group>";
		};
		24CE34C024C768B6007C648C = {
			isa = PBXGroup;
			children = (
				24CE34CB24C768B6007C648C /* PenguinBrad */,
				24CE34CA24C768B6007C648C /* Products */,
			);
			sourceTree = "<group>";
		};
		24CE34CA24C768B6007C648C /* Products */ = {
			isa = PBXGroup;
			children = (
				24CE34C924C768B6007C648C /* PenguinBrad.app */,
			);
			name = Products;
			sourceTree = "<group>";
		};
		24CE34CB24C768B6007C648C /* PenguinBrad */ = {
			isa = PBXGroup;
			children = (
				24A928D224CB00360087D944 /* View */,
				24A928D124CAFFF80087D944 /* Model */,
				24A928D324CB00410087D944 /* Controller */,
				24CE34D224C768B7007C648C /* Assets.xcassets */,
				24CE34D724C768B7007C648C /* LaunchScreen.storyboard */,
				24CE34DA24C768B7007C648C /* Info.plist */,
				24CE34D424C768B7007C648C /* Preview Content */,
			);
			path = PenguinBrad;
			sourceTree = "<group>";
		};
		24CE34D424C768B7007C648C /* Preview Content */ = {
			isa = PBXGroup;
			children = (
				24CE34D524C768B7007C648C /* Preview Assets.xcassets */,
			);
			path = "Preview Content";
			sourceTree = "<group>";
		};
/* End PBXGroup section */

/* Begin PBXNativeTarget section */
		24CE34C824C768B6007C648C /* PenguinBrad */ = {
			isa = PBXNativeTarget;
			buildConfigurationList = 24CE34DD24C768B7007C648C /* Build configuration list for PBXNativeTarget "PenguinBrad" */;
			buildPhases = (
				24CE34C524C768B6007C648C /* Sources */,
				24CE34C624C768B6007C648C /* Frameworks */,
				24CE34C724C768B6007C648C /* Resources */,
			);
			buildRules = (
			);
			dependencies = (
			);
			name = PenguinBrad;
			productName = PenguinBrad;
			productReference = 24CE34C924C768B6007C648C /* PenguinBrad.app */;
			productType = "com.apple.product-type.application";
		};
/* End PBXNativeTarget section */

/* Begin PBXProject section */
		24CE34C124C768B6007C648C /* Project object */ = {
			isa = PBXProject;
			attributes = {
				LastSwiftUpdateCheck = 1160;
				LastUpgradeCheck = 1160;
				ORGANIZATIONNAME = "Fernando Lobo";
				TargetAttributes = {
					24CE34C824C768B6007C648C = {
						CreatedOnToolsVersion = 11.6;
					};
				};
			};
			buildConfigurationList = 24CE34C424C768B6007C648C /* Build configuration list for PBXProject "PenguinBrad" */;
			compatibilityVersion = "Xcode 9.3";
			developmentRegion = en;
			hasScannedForEncodings = 0;
			knownRegions = (
				en,
				Base,
			);
			mainGroup = 24CE34C024C768B6007C648C;
			productRefGroup = 24CE34CA24C768B6007C648C /* Products */;
			projectDirPath = "";
			projectRoot = "";
			targets = (
				24CE34C824C768B6007C648C /* PenguinBrad */,
			);
		};
/* End PBXProject section */

/* Begin PBXResourcesBuildPhase section */
		24CE34C724C768B6007C648C /* Resources */ = {
			isa = PBXResourcesBuildPhase;
			buildActionMask = 2147483647;
			files = (
				24CE34D924C768B7007C648C /* LaunchScreen.storyboard in Resources */,
				24CE34D624C768B7007C648C /* Preview Assets.xcassets in Resources */,
				24CE34D324C768B7007C648C /* Assets.xcassets in Resources */,
			);
			runOnlyForDeploymentPostprocessing = 0;
		};
/* End PBXResourcesBuildPhase section */

/* Begin PBXSourcesBuildPhase section */
		24CE34C524C768B6007C648C /* Sources */ = {
			isa = PBXSourcesBuildPhase;
			buildActionMask = 2147483647;
			files = (
				F12CE50924C8AEA600EBF4A6 /* TelaContentViewNova.swift in Sources */,
				244E04B024DE46BA00BEFF93 /* ChallengeInstructionsData.swift in Sources */,
				F1C56BE024EF0A8E00BA52FA /* InfoModal2.swift in Sources */,
				F1C56BDE24EEEECA00BA52FA /* MissaoVAI.swift in Sources */,
				F1EF0A8E24CB749000055CE7 /* PlayModal.swift in Sources */,
				F1EF0A8C24CB740D00055CE7 /* Blocos.swift in Sources */,
				24A928DB24CB03B90087D944 /* Challenges.swift in Sources */,
				24CE34CD24C768B6007C648C /* AppDelegate.swift in Sources */,
				F1B70F3024C76EB400187CBE /* MissoesScreen.swift in Sources */,
				244E04B424DED0C700BEFF93 /* FlagChallenge.swift in Sources */,
				24A928DD24CB03D80087D944 /* ChallengeData.swift in Sources */,
				244A80D124F05DF1002DF245 /* ChallengeCard.swift in Sources */,
				F1C56BDA24EED04E00BA52FA /* BlocosTestFlight.swift in Sources */,
				24E1996724D49E5600E843ED /* BlocoCommand.swift in Sources */,
				F1EF0A8024CB4AA000055CE7 /* CollectionViewCell.swift in Sources */,
				24CE34CF24C768B6007C648C /* SceneDelegate.swift in Sources */,
				24CE34D124C768B6007C648C /* ContentView.swift in Sources */,
				F1B70F3624C7752800187CBE /* SafariView.swift in Sources */,
				F1EF0A9224CB74B500055CE7 /* InfoModal.swift in Sources */,
				24DA2CF224D1C28800C703F3 /* breusonTips.swift in Sources */,
				244E04AE24DE41CB00BEFF93 /* ChallengeInstructions.swift in Sources */,
			);
			runOnlyForDeploymentPostprocessing = 0;
		};
/* End PBXSourcesBuildPhase section */

/* Begin PBXVariantGroup section */
		24CE34D724C768B7007C648C /* LaunchScreen.storyboard */ = {
			isa = PBXVariantGroup;
			children = (
				24CE34D824C768B7007C648C /* Base */,
			);
			name = LaunchScreen.storyboard;
			sourceTree = "<group>";
		};
/* End PBXVariantGroup section */

/* Begin XCBuildConfiguration section */
		24CE34DB24C768B7007C648C /* Debug */ = {
			isa = XCBuildConfiguration;
			buildSettings = {
				ALWAYS_SEARCH_USER_PATHS = NO;
				CLANG_ANALYZER_NONNULL = YES;
				CLANG_ANALYZER_NUMBER_OBJECT_CONVERSION = YES_AGGRESSIVE;
				CLANG_CXX_LANGUAGE_STANDARD = "gnu++14";
				CLANG_CXX_LIBRARY = "libc++";
				CLANG_ENABLE_MODULES = YES;
				CLANG_ENABLE_OBJC_ARC = YES;
				CLANG_ENABLE_OBJC_WEAK = YES;
				CLANG_WARN_BLOCK_CAPTURE_AUTORELEASING = YES;
				CLANG_WARN_BOOL_CONVERSION = YES;
				CLANG_WARN_COMMA = YES;
				CLANG_WARN_CONSTANT_CONVERSION = YES;
				CLANG_WARN_DEPRECATED_OBJC_IMPLEMENTATIONS = YES;
				CLANG_WARN_DIRECT_OBJC_ISA_USAGE = YES_ERROR;
				CLANG_WARN_DOCUMENTATION_COMMENTS = YES;
				CLANG_WARN_EMPTY_BODY = YES;
				CLANG_WARN_ENUM_CONVERSION = YES;
				CLANG_WARN_INFINITE_RECURSION = YES;
				CLANG_WARN_INT_CONVERSION = YES;
				CLANG_WARN_NON_LITERAL_NULL_CONVERSION = YES;
				CLANG_WARN_OBJC_IMPLICIT_RETAIN_SELF = YES;
				CLANG_WARN_OBJC_LITERAL_CONVERSION = YES;
				CLANG_WARN_OBJC_ROOT_CLASS = YES_ERROR;
				CLANG_WARN_RANGE_LOOP_ANALYSIS = YES;
				CLANG_WARN_STRICT_PROTOTYPES = YES;
				CLANG_WARN_SUSPICIOUS_MOVE = YES;
				CLANG_WARN_UNGUARDED_AVAILABILITY = YES_AGGRESSIVE;
				CLANG_WARN_UNREACHABLE_CODE = YES;
				CLANG_WARN__DUPLICATE_METHOD_MATCH = YES;
				COPY_PHASE_STRIP = NO;
				DEBUG_INFORMATION_FORMAT = dwarf;
				ENABLE_STRICT_OBJC_MSGSEND = YES;
				ENABLE_TESTABILITY = YES;
				GCC_C_LANGUAGE_STANDARD = gnu11;
				GCC_DYNAMIC_NO_PIC = NO;
				GCC_NO_COMMON_BLOCKS = YES;
				GCC_OPTIMIZATION_LEVEL = 0;
				GCC_PREPROCESSOR_DEFINITIONS = (
					"DEBUG=1",
					"$(inherited)",
				);
				GCC_WARN_64_TO_32_BIT_CONVERSION = YES;
				GCC_WARN_ABOUT_RETURN_TYPE = YES_ERROR;
				GCC_WARN_UNDECLARED_SELECTOR = YES;
				GCC_WARN_UNINITIALIZED_AUTOS = YES_AGGRESSIVE;
				GCC_WARN_UNUSED_FUNCTION = YES;
				GCC_WARN_UNUSED_VARIABLE = YES;
				IPHONEOS_DEPLOYMENT_TARGET = 13.6;
				MTL_ENABLE_DEBUG_INFO = INCLUDE_SOURCE;
				MTL_FAST_MATH = YES;
				ONLY_ACTIVE_ARCH = YES;
				SDKROOT = iphoneos;
				SWIFT_ACTIVE_COMPILATION_CONDITIONS = DEBUG;
				SWIFT_OPTIMIZATION_LEVEL = "-Onone";
			};
			name = Debug;
		};
		24CE34DC24C768B7007C648C /* Release */ = {
			isa = XCBuildConfiguration;
			buildSettings = {
				ALWAYS_SEARCH_USER_PATHS = NO;
				CLANG_ANALYZER_NONNULL = YES;
				CLANG_ANALYZER_NUMBER_OBJECT_CONVERSION = YES_AGGRESSIVE;
				CLANG_CXX_LANGUAGE_STANDARD = "gnu++14";
				CLANG_CXX_LIBRARY = "libc++";
				CLANG_ENABLE_MODULES = YES;
				CLANG_ENABLE_OBJC_ARC = YES;
				CLANG_ENABLE_OBJC_WEAK = YES;
				CLANG_WARN_BLOCK_CAPTURE_AUTORELEASING = YES;
				CLANG_WARN_BOOL_CONVERSION = YES;
				CLANG_WARN_COMMA = YES;
				CLANG_WARN_CONSTANT_CONVERSION = YES;
				CLANG_WARN_DEPRECATED_OBJC_IMPLEMENTATIONS = YES;
				CLANG_WARN_DIRECT_OBJC_ISA_USAGE = YES_ERROR;
				CLANG_WARN_DOCUMENTATION_COMMENTS = YES;
				CLANG_WARN_EMPTY_BODY = YES;
				CLANG_WARN_ENUM_CONVERSION = YES;
				CLANG_WARN_INFINITE_RECURSION = YES;
				CLANG_WARN_INT_CONVERSION = YES;
				CLANG_WARN_NON_LITERAL_NULL_CONVERSION = YES;
				CLANG_WARN_OBJC_IMPLICIT_RETAIN_SELF = YES;
				CLANG_WARN_OBJC_LITERAL_CONVERSION = YES;
				CLANG_WARN_OBJC_ROOT_CLASS = YES_ERROR;
				CLANG_WARN_RANGE_LOOP_ANALYSIS = YES;
				CLANG_WARN_STRICT_PROTOTYPES = YES;
				CLANG_WARN_SUSPICIOUS_MOVE = YES;
				CLANG_WARN_UNGUARDED_AVAILABILITY = YES_AGGRESSIVE;
				CLANG_WARN_UNREACHABLE_CODE = YES;
				CLANG_WARN__DUPLICATE_METHOD_MATCH = YES;
				COPY_PHASE_STRIP = NO;
				DEBUG_INFORMATION_FORMAT = "dwarf-with-dsym";
				ENABLE_NS_ASSERTIONS = NO;
				ENABLE_STRICT_OBJC_MSGSEND = YES;
				GCC_C_LANGUAGE_STANDARD = gnu11;
				GCC_NO_COMMON_BLOCKS = YES;
				GCC_WARN_64_TO_32_BIT_CONVERSION = YES;
				GCC_WARN_ABOUT_RETURN_TYPE = YES_ERROR;
				GCC_WARN_UNDECLARED_SELECTOR = YES;
				GCC_WARN_UNINITIALIZED_AUTOS = YES_AGGRESSIVE;
				GCC_WARN_UNUSED_FUNCTION = YES;
				GCC_WARN_UNUSED_VARIABLE = YES;
				IPHONEOS_DEPLOYMENT_TARGET = 13.6;
				MTL_ENABLE_DEBUG_INFO = NO;
				MTL_FAST_MATH = YES;
				SDKROOT = iphoneos;
				SWIFT_COMPILATION_MODE = wholemodule;
				SWIFT_OPTIMIZATION_LEVEL = "-O";
				VALIDATE_PRODUCT = YES;
			};
			name = Release;
		};
		24CE34DE24C768B7007C648C /* Debug */ = {
			isa = XCBuildConfiguration;
			buildSettings = {
				ASSETCATALOG_COMPILER_APPICON_NAME = AppIcon;
				CODE_SIGN_STYLE = Automatic;
				DEVELOPMENT_ASSET_PATHS = "\"PenguinBrad/Preview Content\"";
				ENABLE_PREVIEWS = YES;
				INFOPLIST_FILE = PenguinBrad/Info.plist;
				LD_RUNPATH_SEARCH_PATHS = (
					"$(inherited)",
					"@executable_path/Frameworks",
				);
				PRODUCT_BUNDLE_IDENTIFIER = fernandolobo.PenguinBrad;
				PRODUCT_NAME = "$(TARGET_NAME)";
				SWIFT_VERSION = 5.0;
				TARGETED_DEVICE_FAMILY = "1,2";
			};
			name = Debug;
		};
		24CE34DF24C768B7007C648C /* Release */ = {
			isa = XCBuildConfiguration;
			buildSettings = {
				ASSETCATALOG_COMPILER_APPICON_NAME = AppIcon;
				CODE_SIGN_STYLE = Automatic;
				DEVELOPMENT_ASSET_PATHS = "\"PenguinBrad/Preview Content\"";
				ENABLE_PREVIEWS = YES;
				INFOPLIST_FILE = PenguinBrad/Info.plist;
				LD_RUNPATH_SEARCH_PATHS = (
					"$(inherited)",
					"@executable_path/Frameworks",
				);
				PRODUCT_BUNDLE_IDENTIFIER = fernandolobo.PenguinBrad;
				PRODUCT_NAME = "$(TARGET_NAME)";
				SWIFT_VERSION = 5.0;
				TARGETED_DEVICE_FAMILY = "1,2";
			};
			name = Release;
		};
/* End XCBuildConfiguration section */

/* Begin XCConfigurationList section */
		24CE34C424C768B6007C648C /* Build configuration list for PBXProject "PenguinBrad" */ = {
			isa = XCConfigurationList;
			buildConfigurations = (
				24CE34DB24C768B7007C648C /* Debug */,
				24CE34DC24C768B7007C648C /* Release */,
			);
			defaultConfigurationIsVisible = 0;
			defaultConfigurationName = Release;
		};
		24CE34DD24C768B7007C648C /* Build configuration list for PBXNativeTarget "PenguinBrad" */ = {
			isa = XCConfigurationList;
			buildConfigurations = (
				24CE34DE24C768B7007C648C /* Debug */,
				24CE34DF24C768B7007C648C /* Release */,
			);
			defaultConfigurationIsVisible = 0;
			defaultConfigurationName = Release;
		};
/* End XCConfigurationList section */
	};
	rootObject = 24CE34C124C768B6007C648C /* Project object */;
}
